
Microsoft Visual Studio Solution File, Format Version 12.00
# Visual Studio 2013
VisualStudioVersion = 12.0.40121.0
MinimumVisualStudioVersion = 10.0.40219.1
Project("{FAE04EC0-301F-11D3-BF4B-00C04F79EFBC}") = "QRCodeTools", "QRCodeTools\QRCodeTools.csproj", "{59FAEEBB-2A3C-415E-9783-25BAC08AE897}"
EndProject
Project("{FAE04EC0-301F-11D3-BF4B-00C04F79EFBC}") = "ThoughtWorks.QRCode", "ThoughtWorks.QRCode\ThoughtWorks.QRCode.csproj", "{38DC0B65-E351-405E-A459-F0508615CD51}"
EndProject
Global
	GlobalSection(SolutionConfigurationPlatforms) = preSolution
		Debug|Any CPU = Debug|Any CPU
		Release|Any CPU = Release|Any CPU
	EndGlobalSection
	GlobalSection(ProjectConfigurationPlatforms) = postSolution
		{59FAEEBB-2A3C-415E-9783-25BAC08AE897}.Debug|Any CPU.ActiveCfg = Debug|Any CPU
		{59FAEEBB-2A3C-415E-9783-25BAC08AE897}.Debug|Any CPU.Build.0 = Debug|Any CPU
		{59FAEEBB-2A3C-415E-9783-25BAC08AE897}.Release|Any CPU.ActiveCfg = Release|Any CPU
		{59FAEEBB-2A3C-415E-9783-25BAC08AE897}.Release|Any CPU.Build.0 = Release|Any CPU
		{38DC0B65-E351-405E-A459-F0508615CD51}.Debug|Any CPU.ActiveCfg = Debug|Any CPU
		{38DC0B65-E351-405E-A459-F0508615CD51}.Debug|Any CPU.Build.0 = Debug|Any CPU
		{38DC0B65-E351-405E-A459-F0508615CD51}.Release|Any CPU.ActiveCfg = Release|Any CPU
		{38DC0B65-E351-405E-A459-F0508615CD51}.Release|Any CPU.Build.0 = Release|Any CPU
	EndGlobalSection
	GlobalSection(SolutionProperties) = preSolution
		HideSolutionNode = FALSE
	EndGlobalSection
EndGlobal
